
Microsoft Visual Studio Solution File, Format Version 12.00
# Visual Studio Version 17
VisualStudioVersion = 17.5.002.0
MinimumVisualStudioVersion = 10.0.40219.1
Project("{9A19103F-16F7-4668-BE54-9A1E7A4F7556}") = "FlightSaverApi", "FlightSaverApi.csproj", "{B15BCEC5-E8FC-4142-9DE4-0F3397686517}"
EndProject
Global
	GlobalSection(SolutionConfigurationPlatforms) = preSolution
		Debug|Any CPU = Debug|Any CPU
		Release|Any CPU = Release|Any CPU
	EndGlobalSection
	GlobalSection(ProjectConfigurationPlatforms) = postSolution
		{B15BCEC5-E8FC-4142-9DE4-0F3397686517}.Debug|Any CPU.ActiveCfg = Debug|Any CPU
		{B15BCEC5-E8FC-4142-9DE4-0F3397686517}.Debug|Any CPU.Build.0 = Debug|Any CPU
		{B15BCEC5-E8FC-4142-9DE4-0F3397686517}.Release|Any CPU.ActiveCfg = Release|Any CPU
		{B15BCEC5-E8FC-4142-9DE4-0F3397686517}.Release|Any CPU.Build.0 = Release|Any CPU
	EndGlobalSection
	GlobalSection(SolutionProperties) = preSolution
		HideSolutionNode = FALSE
	EndGlobalSection
	GlobalSection(ExtensibilityGlobals) = postSolution
		SolutionGuid = {78F11D9D-8981-492C-9183-709202AB9150}
	EndGlobalSection
EndGlobal
